
Microsoft Visual Studio Solution File, Format Version 12.00
# Visual Studio Version 17
VisualStudioVersion = 17.8.34330.188
MinimumVisualStudioVersion = 10.0.40219.1
Project("{FAE04EC0-301F-11D3-BF4B-00C04F79EFBC}") = "Fusen", "Fusen\Fusen.csproj", "{0BF4C8C2-8381-4DF7-839F-831F89B71C86}"
EndProject
Global
	GlobalSection(SolutionConfigurationPlatforms) = preSolution
		Debug|Any CPU = Debug|Any CPU
		Release|Any CPU = Release|Any CPU
	EndGlobalSection
	GlobalSection(ProjectConfigurationPlatforms) = postSolution
		{0BF4C8C2-8381-4DF7-839F-831F89B71C86}.Debug|Any CPU.ActiveCfg = Debug|Any CPU
		{0BF4C8C2-8381-4DF7-839F-831F89B71C86}.Debug|Any CPU.Build.0 = Debug|Any CPU
		{0BF4C8C2-8381-4DF7-839F-831F89B71C86}.Release|Any CPU.ActiveCfg = Release|Any CPU
		{0BF4C8C2-8381-4DF7-839F-831F89B71C86}.Release|Any CPU.Build.0 = Release|Any CPU
	EndGlobalSection
	GlobalSection(SolutionProperties) = preSolution
		HideSolutionNode = FALSE
	EndGlobalSection
	GlobalSection(ExtensibilityGlobals) = postSolution
		SolutionGuid = {A9A86F12-5241-4F63-ACDF-17A7B4983753}
	EndGlobalSection
EndGlobal
